
Microsoft Visual Studio Solution File, Format Version 12.00
# Visual Studio Version 16
VisualStudioVersion = 16.0.30804.86
MinimumVisualStudioVersion = 10.0.40219.1
Project("{FAE04EC0-301F-11D3-BF4B-00C04F79EFBC}") = "ICMPTunnel", "ICMPTunnel\ICMPTunnel.csproj", "{388C24D2-496E-4D86-B7C0-BAF9A9B7DE44}"
EndProject
Global
	GlobalSection(SolutionConfigurationPlatforms) = preSolution
		Debug|Any CPU = Debug|Any CPU
		Release|Any CPU = Release|Any CPU
	EndGlobalSection
	GlobalSection(ProjectConfigurationPlatforms) = postSolution
		{388C24D2-496E-4D86-B7C0-BAF9A9B7DE44}.Debug|Any CPU.ActiveCfg = Debug|Any CPU
		{388C24D2-496E-4D86-B7C0-BAF9A9B7DE44}.Debug|Any CPU.Build.0 = Debug|Any CPU
		{388C24D2-496E-4D86-B7C0-BAF9A9B7DE44}.Release|Any CPU.ActiveCfg = Release|Any CPU
		{388C24D2-496E-4D86-B7C0-BAF9A9B7DE44}.Release|Any CPU.Build.0 = Release|Any CPU
	EndGlobalSection
	GlobalSection(SolutionProperties) = preSolution
		HideSolutionNode = FALSE
	EndGlobalSection
	GlobalSection(ExtensibilityGlobals) = postSolution
		SolutionGuid = {36BC3F5C-17A1-4703-BD3A-D2048AD6B6F1}
	EndGlobalSection
EndGlobal
